// !$*UTF8*$!
{
	archiveVersion = 1;
	classes = {
	};
	objectVersion = 51;
	objects = {

/* Begin PBXBuildFile section */
		07253B2BF6BA3B72EF4CC1EA /* Pods_RxMemoApp.framework in Frameworks */ = {isa = PBXBuildFile; fileRef = B3D599D095D54A6873DADFEB /* Pods_RxMemoApp.framework */; };
		1C0652FDCAB8A30BF6DD7D20 /* Pods_RxMemoAppTests.framework in Frameworks */ = {isa = PBXBuildFile; fileRef = EE7FBDF05FA6690101FA1B19 /* Pods_RxMemoAppTests.framework */; };
		6BB52E182650D0940064E301 /* AppDelegate.swift in Sources */ = {isa = PBXBuildFile; fileRef = 6BB52E172650D0940064E301 /* AppDelegate.swift */; };
		6BB52E1A2650D0940064E301 /* SceneDelegate.swift in Sources */ = {isa = PBXBuildFile; fileRef = 6BB52E192650D0940064E301 /* SceneDelegate.swift */; };
		6BB52E1F2650D0940064E301 /* Main.storyboard in Resources */ = {isa = PBXBuildFile; fileRef = 6BB52E1D2650D0940064E301 /* Main.storyboard */; };
		6BB52E222650D0940064E301 /* RxMemoApp.xcdatamodeld in Sources */ = {isa = PBXBuildFile; fileRef = 6BB52E202650D0940064E301 /* RxMemoApp.xcdatamodeld */; };
		6BB52E242650D0960064E301 /* Assets.xcassets in Resources */ = {isa = PBXBuildFile; fileRef = 6BB52E232650D0960064E301 /* Assets.xcassets */; };
		6BB52E272650D0960064E301 /* LaunchScreen.storyboard in Resources */ = {isa = PBXBuildFile; fileRef = 6BB52E252650D0960064E301 /* LaunchScreen.storyboard */; };
		6BB52E322650D0960064E301 /* RxMemoAppTests.swift in Sources */ = {isa = PBXBuildFile; fileRef = 6BB52E312650D0960064E301 /* RxMemoAppTests.swift */; };
		6BB52E3D2650D0960064E301 /* RxMemoAppUITests.swift in Sources */ = {isa = PBXBuildFile; fileRef = 6BB52E3C2650D0960064E301 /* RxMemoAppUITests.swift */; };
		6BB52E502650D3310064E301 /* Memo.swift in Sources */ = {isa = PBXBuildFile; fileRef = 6BB52E4F2650D3310064E301 /* Memo.swift */; };
		6BB52E522650D3D70064E301 /* MemoStorageType.swift in Sources */ = {isa = PBXBuildFile; fileRef = 6BB52E512650D3D70064E301 /* MemoStorageType.swift */; };
		6BB52E562650D48C0064E301 /* MemoryStorage.swift in Sources */ = {isa = PBXBuildFile; fileRef = 6BB52E552650D48C0064E301 /* MemoryStorage.swift */; };
		6BB52E582650D8370064E301 /* MemoListViewController.swift in Sources */ = {isa = PBXBuildFile; fileRef = 6BB52E572650D8370064E301 /* MemoListViewController.swift */; };
		6BB52E5A2650D8880064E301 /* MemoDetailViewController.swift in Sources */ = {isa = PBXBuildFile; fileRef = 6BB52E592650D8880064E301 /* MemoDetailViewController.swift */; };
		6BB52E5C2650D8B10064E301 /* MemoComposeViewController.swift in Sources */ = {isa = PBXBuildFile; fileRef = 6BB52E5B2650D8B10064E301 /* MemoComposeViewController.swift */; };
		6BB52E5E2650D8F30064E301 /* MemoListViewModel.swift in Sources */ = {isa = PBXBuildFile; fileRef = 6BB52E5D2650D8F30064E301 /* MemoListViewModel.swift */; };
		6BB52E602650D9200064E301 /* MemoDetailViewModel.swift in Sources */ = {isa = PBXBuildFile; fileRef = 6BB52E5F2650D9200064E301 /* MemoDetailViewModel.swift */; };
		6BB52E622650D9490064E301 /* MemoComposeViewModel.swift in Sources */ = {isa = PBXBuildFile; fileRef = 6BB52E612650D9490064E301 /* MemoComposeViewModel.swift */; };
		6BB52E642650D9800064E301 /* ViewModelBindableType.swift in Sources */ = {isa = PBXBuildFile; fileRef = 6BB52E632650D9800064E301 /* ViewModelBindableType.swift */; };
		6BB52E662650DB610064E301 /* TransitionModel.swift in Sources */ = {isa = PBXBuildFile; fileRef = 6BB52E652650DB610064E301 /* TransitionModel.swift */; };
		6BB52E682650DBAC0064E301 /* Scene.swift in Sources */ = {isa = PBXBuildFile; fileRef = 6BB52E672650DBAC0064E301 /* Scene.swift */; };
		6BB52E6A2650DD510064E301 /* SceneCoordinatorType.swift in Sources */ = {isa = PBXBuildFile; fileRef = 6BB52E692650DD510064E301 /* SceneCoordinatorType.swift */; };
		6BB52E6C2650DDCF0064E301 /* SceneCoordinator.swift in Sources */ = {isa = PBXBuildFile; fileRef = 6BB52E6B2650DDCF0064E301 /* SceneCoordinator.swift */; };
		6BB52E6E2650EA250064E301 /* CommonViewModel.swift in Sources */ = {isa = PBXBuildFile; fileRef = 6BB52E6D2650EA250064E301 /* CommonViewModel.swift */; };
		9F23E517F650962D03DFF5CA /* Pods_RxMemoApp_RxMemoAppUITests.framework in Frameworks */ = {isa = PBXBuildFile; fileRef = 1CE2474E04B602D1F5D26906 /* Pods_RxMemoApp_RxMemoAppUITests.framework */; };
/* End PBXBuildFile section */

/* Begin PBXContainerItemProxy section */
		6BB52E2E2650D0960064E301 /* PBXContainerItemProxy */ = {
			isa = PBXContainerItemProxy;
			containerPortal = 6BB52E0C2650D0940064E301 /* Project object */;
			proxyType = 1;
			remoteGlobalIDString = 6BB52E132650D0940064E301;
			remoteInfo = RxMemoApp;
		};
		6BB52E392650D0960064E301 /* PBXContainerItemProxy */ = {
			isa = PBXContainerItemProxy;
			containerPortal = 6BB52E0C2650D0940064E301 /* Project object */;
			proxyType = 1;
			remoteGlobalIDString = 6BB52E132650D0940064E301;
			remoteInfo = RxMemoApp;
		};
/* End PBXContainerItemProxy section */

/* Begin PBXFileReference section */
		1CE2474E04B602D1F5D26906 /* Pods_RxMemoApp_RxMemoAppUITests.framework */ = {isa = PBXFileReference; explicitFileType = wrapper.framework; includeInIndex = 0; path = Pods_RxMemoApp_RxMemoAppUITests.framework; sourceTree = BUILT_PRODUCTS_DIR; };
		240B8841CA14455994D9AB07 /* Pods-RxMemoApp-RxMemoAppUITests.release.xcconfig */ = {isa = PBXFileReference; includeInIndex = 1; lastKnownFileType = text.xcconfig; name = "Pods-RxMemoApp-RxMemoAppUITests.release.xcconfig"; path = "Target Support Files/Pods-RxMemoApp-RxMemoAppUITests/Pods-RxMemoApp-RxMemoAppUITests.release.xcconfig"; sourceTree = "<group>"; };
		3A783EFDC57C20BE4F36EB25 /* Pods-RxMemoApp.debug.xcconfig */ = {isa = PBXFileReference; includeInIndex = 1; lastKnownFileType = text.xcconfig; name = "Pods-RxMemoApp.debug.xcconfig"; path = "Target Support Files/Pods-RxMemoApp/Pods-RxMemoApp.debug.xcconfig"; sourceTree = "<group>"; };
		47FEC964DD03586571B1E380 /* Pods-RxMemoApp.release.xcconfig */ = {isa = PBXFileReference; includeInIndex = 1; lastKnownFileType = text.xcconfig; name = "Pods-RxMemoApp.release.xcconfig"; path = "Target Support Files/Pods-RxMemoApp/Pods-RxMemoApp.release.xcconfig"; sourceTree = "<group>"; };
		6BB52E142650D0940064E301 /* RxMemoApp.app */ = {isa = PBXFileReference; explicitFileType = wrapper.application; includeInIndex = 0; path = RxMemoApp.app; sourceTree = BUILT_PRODUCTS_DIR; };
		6BB52E172650D0940064E301 /* AppDelegate.swift */ = {isa = PBXFileReference; lastKnownFileType = sourcecode.swift; path = AppDelegate.swift; sourceTree = "<group>"; };
		6BB52E192650D0940064E301 /* SceneDelegate.swift */ = {isa = PBXFileReference; lastKnownFileType = sourcecode.swift; path = SceneDelegate.swift; sourceTree = "<group>"; };
		6BB52E1E2650D0940064E301 /* Base */ = {isa = PBXFileReference; lastKnownFileType = file.storyboard; name = Base; path = Base.lproj/Main.storyboard; sourceTree = "<group>"; };
		6BB52E212650D0940064E301 /* RxMemoApp.xcdatamodel */ = {isa = PBXFileReference; lastKnownFileType = wrapper.xcdatamodel; path = RxMemoApp.xcdatamodel; sourceTree = "<group>"; };
		6BB52E232650D0960064E301 /* Assets.xcassets */ = {isa = PBXFileReference; lastKnownFileType = folder.assetcatalog; path = Assets.xcassets; sourceTree = "<group>"; };
		6BB52E262650D0960064E301 /* Base */ = {isa = PBXFileReference; lastKnownFileType = file.storyboard; name = Base; path = Base.lproj/LaunchScreen.storyboard; sourceTree = "<group>"; };
		6BB52E282650D0960064E301 /* Info.plist */ = {isa = PBXFileReference; lastKnownFileType = text.plist.xml; path = Info.plist; sourceTree = "<group>"; };
		6BB52E2D2650D0960064E301 /* RxMemoAppTests.xctest */ = {isa = PBXFileReference; explicitFileType = wrapper.cfbundle; includeInIndex = 0; path = RxMemoAppTests.xctest; sourceTree = BUILT_PRODUCTS_DIR; };
		6BB52E312650D0960064E301 /* RxMemoAppTests.swift */ = {isa = PBXFileReference; lastKnownFileType = sourcecode.swift; path = RxMemoAppTests.swift; sourceTree = "<group>"; };
		6BB52E332650D0960064E301 /* Info.plist */ = {isa = PBXFileReference; lastKnownFileType = text.plist.xml; path = Info.plist; sourceTree = "<group>"; };
		6BB52E382650D0960064E301 /* RxMemoAppUITests.xctest */ = {isa = PBXFileReference; explicitFileType = wrapper.cfbundle; includeInIndex = 0; path = RxMemoAppUITests.xctest; sourceTree = BUILT_PRODUCTS_DIR; };
		6BB52E3C2650D0960064E301 /* RxMemoAppUITests.swift */ = {isa = PBXFileReference; lastKnownFileType = sourcecode.swift; path = RxMemoAppUITests.swift; sourceTree = "<group>"; };
		6BB52E3E2650D0960064E301 /* Info.plist */ = {isa = PBXFileReference; lastKnownFileType = text.plist.xml; path = Info.plist; sourceTree = "<group>"; };
		6BB52E4F2650D3310064E301 /* Memo.swift */ = {isa = PBXFileReference; lastKnownFileType = sourcecode.swift; path = Memo.swift; sourceTree = "<group>"; };
		6BB52E512650D3D70064E301 /* MemoStorageType.swift */ = {isa = PBXFileReference; lastKnownFileType = sourcecode.swift; path = MemoStorageType.swift; sourceTree = "<group>"; };
		6BB52E552650D48C0064E301 /* MemoryStorage.swift */ = {isa = PBXFileReference; lastKnownFileType = sourcecode.swift; path = MemoryStorage.swift; sourceTree = "<group>"; };
		6BB52E572650D8370064E301 /* MemoListViewController.swift */ = {isa = PBXFileReference; lastKnownFileType = sourcecode.swift; path = MemoListViewController.swift; sourceTree = "<group>"; };
		6BB52E592650D8880064E301 /* MemoDetailViewController.swift */ = {isa = PBXFileReference; lastKnownFileType = sourcecode.swift; path = MemoDetailViewController.swift; sourceTree = "<group>"; };
		6BB52E5B2650D8B10064E301 /* MemoComposeViewController.swift */ = {isa = PBXFileReference; lastKnownFileType = sourcecode.swift; path = MemoComposeViewController.swift; sourceTree = "<group>"; };
		6BB52E5D2650D8F30064E301 /* MemoListViewModel.swift */ = {isa = PBXFileReference; lastKnownFileType = sourcecode.swift; path = MemoListViewModel.swift; sourceTree = "<group>"; };
		6BB52E5F2650D9200064E301 /* MemoDetailViewModel.swift */ = {isa = PBXFileReference; lastKnownFileType = sourcecode.swift; path = MemoDetailViewModel.swift; sourceTree = "<group>"; };
		6BB52E612650D9490064E301 /* MemoComposeViewModel.swift */ = {isa = PBXFileReference; lastKnownFileType = sourcecode.swift; path = MemoComposeViewModel.swift; sourceTree = "<group>"; };
		6BB52E632650D9800064E301 /* ViewModelBindableType.swift */ = {isa = PBXFileReference; lastKnownFileType = sourcecode.swift; path = ViewModelBindableType.swift; sourceTree = "<group>"; };
		6BB52E652650DB610064E301 /* TransitionModel.swift */ = {isa = PBXFileReference; lastKnownFileType = sourcecode.swift; path = TransitionModel.swift; sourceTree = "<group>"; };
		6BB52E672650DBAC0064E301 /* Scene.swift */ = {isa = PBXFileReference; lastKnownFileType = sourcecode.swift; path = Scene.swift; sourceTree = "<group>"; };
		6BB52E692650DD510064E301 /* SceneCoordinatorType.swift */ = {isa = PBXFileReference; lastKnownFileType = sourcecode.swift; path = SceneCoordinatorType.swift; sourceTree = "<group>"; };
		6BB52E6B2650DDCF0064E301 /* SceneCoordinator.swift */ = {isa = PBXFileReference; lastKnownFileType = sourcecode.swift; path = SceneCoordinator.swift; sourceTree = "<group>"; };
		6BB52E6D2650EA250064E301 /* CommonViewModel.swift */ = {isa = PBXFileReference; lastKnownFileType = sourcecode.swift; path = CommonViewModel.swift; sourceTree = "<group>"; };
		AAEE253916A5BFF564537F38 /* Pods-RxMemoAppTests.debug.xcconfig */ = {isa = PBXFileReference; includeInIndex = 1; lastKnownFileType = text.xcconfig; name = "Pods-RxMemoAppTests.debug.xcconfig"; path = "Target Support Files/Pods-RxMemoAppTests/Pods-RxMemoAppTests.debug.xcconfig"; sourceTree = "<group>"; };
		B0CD0AD35B1AC68FD5529F8E /* Pods-RxMemoApp-RxMemoAppUITests.debug.xcconfig */ = {isa = PBXFileReference; includeInIndex = 1; lastKnownFileType = text.xcconfig; name = "Pods-RxMemoApp-RxMemoAppUITests.debug.xcconfig"; path = "Target Support Files/Pods-RxMemoApp-RxMemoAppUITests/Pods-RxMemoApp-RxMemoAppUITests.debug.xcconfig"; sourceTree = "<group>"; };
		B3D599D095D54A6873DADFEB /* Pods_RxMemoApp.framework */ = {isa = PBXFileReference; explicitFileType = wrapper.framework; includeInIndex = 0; path = Pods_RxMemoApp.framework; sourceTree = BUILT_PRODUCTS_DIR; };
		EE7FBDF05FA6690101FA1B19 /* Pods_RxMemoAppTests.framework */ = {isa = PBXFileReference; explicitFileType = wrapper.framework; includeInIndex = 0; path = Pods_RxMemoAppTests.framework; sourceTree = BUILT_PRODUCTS_DIR; };
		F9079D4DBEA046081704837C /* Pods-RxMemoAppTests.release.xcconfig */ = {isa = PBXFileReference; includeInIndex = 1; lastKnownFileType = text.xcconfig; name = "Pods-RxMemoAppTests.release.xcconfig"; path = "Target Support Files/Pods-RxMemoAppTests/Pods-RxMemoAppTests.release.xcconfig"; sourceTree = "<group>"; };
/* End PBXFileReference section */

/* Begin PBXFrameworksBuildPhase section */
		6BB52E112650D0940064E301 /* Frameworks */ = {
			isa = PBXFrameworksBuildPhase;
			buildActionMask = 2147483647;
			files = (
				07253B2BF6BA3B72EF4CC1EA /* Pods_RxMemoApp.framework in Frameworks */,
			);
			runOnlyForDeploymentPostprocessing = 0;
		};
		6BB52E2A2650D0960064E301 /* Frameworks */ = {
			isa = PBXFrameworksBuildPhase;
			buildActionMask = 2147483647;
			files = (
				1C0652FDCAB8A30BF6DD7D20 /* Pods_RxMemoAppTests.framework in Frameworks */,
			);
			runOnlyForDeploymentPostprocessing = 0;
		};
		6BB52E352650D0960064E301 /* Frameworks */ = {
			isa = PBXFrameworksBuildPhase;
			buildActionMask = 2147483647;
			files = (
				9F23E517F650962D03DFF5CA /* Pods_RxMemoApp_RxMemoAppUITests.framework in Frameworks */,
			);
			runOnlyForDeploymentPostprocessing = 0;
		};
/* End PBXFrameworksBuildPhase section */

/* Begin PBXGroup section */
		040F390B35E9E8DA2AD18E2D /* Frameworks */ = {
			isa = PBXGroup;
			children = (
				B3D599D095D54A6873DADFEB /* Pods_RxMemoApp.framework */,
				1CE2474E04B602D1F5D26906 /* Pods_RxMemoApp_RxMemoAppUITests.framework */,
				EE7FBDF05FA6690101FA1B19 /* Pods_RxMemoAppTests.framework */,
			);
			name = Frameworks;
			sourceTree = "<group>";
		};
		2695B58623DA407AA6A50728 /* Pods */ = {
			isa = PBXGroup;
			children = (
				3A783EFDC57C20BE4F36EB25 /* Pods-RxMemoApp.debug.xcconfig */,
				47FEC964DD03586571B1E380 /* Pods-RxMemoApp.release.xcconfig */,
				B0CD0AD35B1AC68FD5529F8E /* Pods-RxMemoApp-RxMemoAppUITests.debug.xcconfig */,
				240B8841CA14455994D9AB07 /* Pods-RxMemoApp-RxMemoAppUITests.release.xcconfig */,
				AAEE253916A5BFF564537F38 /* Pods-RxMemoAppTests.debug.xcconfig */,
				F9079D4DBEA046081704837C /* Pods-RxMemoAppTests.release.xcconfig */,
			);
			path = Pods;
			sourceTree = "<group>";
		};
		6BB52E0B2650D0940064E301 = {
			isa = PBXGroup;
			children = (
				6BB52E162650D0940064E301 /* RxMemoApp */,
				6BB52E302650D0960064E301 /* RxMemoAppTests */,
				6BB52E3B2650D0960064E301 /* RxMemoAppUITests */,
				6BB52E152650D0940064E301 /* Products */,
				2695B58623DA407AA6A50728 /* Pods */,
				040F390B35E9E8DA2AD18E2D /* Frameworks */,
			);
			sourceTree = "<group>";
		};
		6BB52E152650D0940064E301 /* Products */ = {
			isa = PBXGroup;
			children = (
				6BB52E142650D0940064E301 /* RxMemoApp.app */,
				6BB52E2D2650D0960064E301 /* RxMemoAppTests.xctest */,
				6BB52E382650D0960064E301 /* RxMemoAppUITests.xctest */,
			);
			name = Products;
			sourceTree = "<group>";
		};
		6BB52E162650D0940064E301 /* RxMemoApp */ = {
			isa = PBXGroup;
			children = (
				6BB52E4E2650D2750064E301 /* Scene */,
				6BB52E4D2650D2550064E301 /* Service */,
				6BB52E4C2650D2440064E301 /* ViewModel */,
				6BB52E4B2650D2370064E301 /* ViewController */,
				6BB52E4A2650D2240064E301 /* Model */,
				6BB52E172650D0940064E301 /* AppDelegate.swift */,
				6BB52E192650D0940064E301 /* SceneDelegate.swift */,
				6BB52E232650D0960064E301 /* Assets.xcassets */,
				6BB52E282650D0960064E301 /* Info.plist */,
			);
			path = RxMemoApp;
			sourceTree = "<group>";
		};
		6BB52E302650D0960064E301 /* RxMemoAppTests */ = {
			isa = PBXGroup;
			children = (
				6BB52E312650D0960064E301 /* RxMemoAppTests.swift */,
				6BB52E332650D0960064E301 /* Info.plist */,
			);
			path = RxMemoAppTests;
			sourceTree = "<group>";
		};
		6BB52E3B2650D0960064E301 /* RxMemoAppUITests */ = {
			isa = PBXGroup;
			children = (
				6BB52E3C2650D0960064E301 /* RxMemoAppUITests.swift */,
				6BB52E3E2650D0960064E301 /* Info.plist */,
			);
			path = RxMemoAppUITests;
			sourceTree = "<group>";
		};
		6BB52E4A2650D2240064E301 /* Model */ = {
			isa = PBXGroup;
			children = (
				6BB52E4F2650D3310064E301 /* Memo.swift */,
			);
			path = Model;
			sourceTree = "<group>";
		};
		6BB52E4B2650D2370064E301 /* ViewController */ = {
			isa = PBXGroup;
			children = (
				6BB52E1D2650D0940064E301 /* Main.storyboard */,
				6BB52E252650D0960064E301 /* LaunchScreen.storyboard */,
				6BB52E572650D8370064E301 /* MemoListViewController.swift */,
				6BB52E592650D8880064E301 /* MemoDetailViewController.swift */,
				6BB52E5B2650D8B10064E301 /* MemoComposeViewController.swift */,
				6BB52E632650D9800064E301 /* ViewModelBindableType.swift */,
			);
			path = ViewController;
			sourceTree = "<group>";
		};
		6BB52E4C2650D2440064E301 /* ViewModel */ = {
			isa = PBXGroup;
			children = (
				6BB52E5D2650D8F30064E301 /* MemoListViewModel.swift */,
				6BB52E5F2650D9200064E301 /* MemoDetailViewModel.swift */,
				6BB52E612650D9490064E301 /* MemoComposeViewModel.swift */,
				6BB52E6D2650EA250064E301 /* CommonViewModel.swift */,
			);
			path = ViewModel;
			sourceTree = "<group>";
		};
		6BB52E4D2650D2550064E301 /* Service */ = {
			isa = PBXGroup;
			children = (
				6BB52E542650D4690064E301 /* CoreDataStorage */,
				6BB52E532650D45B0064E301 /* MemoStorage */,
				6BB52E512650D3D70064E301 /* MemoStorageType.swift */,
			);
			path = Service;
			sourceTree = "<group>";
		};
		6BB52E4E2650D2750064E301 /* Scene */ = {
			isa = PBXGroup;
			children = (
				6BB52E652650DB610064E301 /* TransitionModel.swift */,
				6BB52E672650DBAC0064E301 /* Scene.swift */,
				6BB52E692650DD510064E301 /* SceneCoordinatorType.swift */,
				6BB52E6B2650DDCF0064E301 /* SceneCoordinator.swift */,
			);
			path = Scene;
			sourceTree = "<group>";
		};
		6BB52E532650D45B0064E301 /* MemoStorage */ = {
			isa = PBXGroup;
			children = (
				6BB52E552650D48C0064E301 /* MemoryStorage.swift */,
			);
			path = MemoStorage;
			sourceTree = "<group>";
		};
		6BB52E542650D4690064E301 /* CoreDataStorage */ = {
			isa = PBXGroup;
			children = (
				6BB52E202650D0940064E301 /* RxMemoApp.xcdatamodeld */,
			);
			path = CoreDataStorage;
			sourceTree = "<group>";
		};
/* End PBXGroup section */

/* Begin PBXNativeTarget section */
		6BB52E132650D0940064E301 /* RxMemoApp */ = {
			isa = PBXNativeTarget;
			buildConfigurationList = 6BB52E412650D0960064E301 /* Build configuration list for PBXNativeTarget "RxMemoApp" */;
			buildPhases = (
				A1812C5B4BC0D5682CBE6C31 /* [CP] Check Pods Manifest.lock */,
				6BB52E102650D0940064E301 /* Sources */,
				6BB52E112650D0940064E301 /* Frameworks */,
				6BB52E122650D0940064E301 /* Resources */,
				91143B404D13DCC0DEB4F37F /* [CP] Embed Pods Frameworks */,
			);
			buildRules = (
			);
			dependencies = (
			);
			name = RxMemoApp;
			productName = RxMemoApp;
			productReference = 6BB52E142650D0940064E301 /* RxMemoApp.app */;
			productType = "com.apple.product-type.application";
		};
		6BB52E2C2650D0960064E301 /* RxMemoAppTests */ = {
			isa = PBXNativeTarget;
			buildConfigurationList = 6BB52E442650D0960064E301 /* Build configuration list for PBXNativeTarget "RxMemoAppTests" */;
			buildPhases = (
				C32ED1C36EDDC64660B92316 /* [CP] Check Pods Manifest.lock */,
				6BB52E292650D0960064E301 /* Sources */,
				6BB52E2A2650D0960064E301 /* Frameworks */,
				6BB52E2B2650D0960064E301 /* Resources */,
			);
			buildRules = (
			);
			dependencies = (
				6BB52E2F2650D0960064E301 /* PBXTargetDependency */,
			);
			name = RxMemoAppTests;
			productName = RxMemoAppTests;
			productReference = 6BB52E2D2650D0960064E301 /* RxMemoAppTests.xctest */;
			productType = "com.apple.product-type.bundle.unit-test";
		};
		6BB52E372650D0960064E301 /* RxMemoAppUITests */ = {
			isa = PBXNativeTarget;
			buildConfigurationList = 6BB52E472650D0960064E301 /* Build configuration list for PBXNativeTarget "RxMemoAppUITests" */;
			buildPhases = (
				C2C2022AEE5046BE83DC8E9B /* [CP] Check Pods Manifest.lock */,
				6BB52E342650D0960064E301 /* Sources */,
				6BB52E352650D0960064E301 /* Frameworks */,
				6BB52E362650D0960064E301 /* Resources */,
				6F4E035AA8238F1C3B0505AE /* [CP] Embed Pods Frameworks */,
			);
			buildRules = (
			);
			dependencies = (
				6BB52E3A2650D0960064E301 /* PBXTargetDependency */,
			);
			name = RxMemoAppUITests;
			productName = RxMemoAppUITests;
			productReference = 6BB52E382650D0960064E301 /* RxMemoAppUITests.xctest */;
			productType = "com.apple.product-type.bundle.ui-testing";
		};
/* End PBXNativeTarget section */

/* Begin PBXProject section */
		6BB52E0C2650D0940064E301 /* Project object */ = {
			isa = PBXProject;
			attributes = {
				LastSwiftUpdateCheck = 1250;
				LastUpgradeCheck = 1250;
				TargetAttributes = {
					6BB52E132650D0940064E301 = {
						CreatedOnToolsVersion = 12.5;
					};
					6BB52E2C2650D0960064E301 = {
						CreatedOnToolsVersion = 12.5;
						TestTargetID = 6BB52E132650D0940064E301;
					};
					6BB52E372650D0960064E301 = {
						CreatedOnToolsVersion = 12.5;
						TestTargetID = 6BB52E132650D0940064E301;
					};
				};
			};
			buildConfigurationList = 6BB52E0F2650D0940064E301 /* Build configuration list for PBXProject "RxMemoApp" */;
			compatibilityVersion = "Xcode 9.3";
			developmentRegion = en;
			hasScannedForEncodings = 0;
			knownRegions = (
				en,
				Base,
			);
			mainGroup = 6BB52E0B2650D0940064E301;
			productRefGroup = 6BB52E152650D0940064E301 /* Products */;
			projectDirPath = "";
			projectRoot = "";
			targets = (
				6BB52E132650D0940064E301 /* RxMemoApp */,
				6BB52E2C2650D0960064E301 /* RxMemoAppTests */,
				6BB52E372650D0960064E301 /* RxMemoAppUITests */,
			);
		};
/* End PBXProject section */

/* Begin PBXResourcesBuildPhase section */
		6BB52E122650D0940064E301 /* Resources */ = {
			isa = PBXResourcesBuildPhase;
			buildActionMask = 2147483647;
			files = (
				6BB52E272650D0960064E301 /* LaunchScreen.storyboard in Resources */,
				6BB52E242650D0960064E301 /* Assets.xcassets in Resources */,
				6BB52E1F2650D0940064E301 /* Main.storyboard in Resources */,
			);
			runOnlyForDeploymentPostprocessing = 0;
		};
		6BB52E2B2650D0960064E301 /* Resources */ = {
			isa = PBXResourcesBuildPhase;
			buildActionMask = 2147483647;
			files = (
			);
			runOnlyForDeploymentPostprocessing = 0;
		};
		6BB52E362650D0960064E301 /* Resources */ = {
			isa = PBXResourcesBuildPhase;
			buildActionMask = 2147483647;
			files = (
			);
			runOnlyForDeploymentPostprocessing = 0;
		};
/* End PBXResourcesBuildPhase section */

/* Begin PBXShellScriptBuildPhase section */
		6F4E035AA8238F1C3B0505AE /* [CP] Embed Pods Frameworks */ = {
			isa = PBXShellScriptBuildPhase;
			buildActionMask = 2147483647;
			files = (
			);
			inputFileListPaths = (
				"${PODS_ROOT}/Target Support Files/Pods-RxMemoApp-RxMemoAppUITests/Pods-RxMemoApp-RxMemoAppUITests-frameworks-${CONFIGURATION}-input-files.xcfilelist",
			);
			name = "[CP] Embed Pods Frameworks";
			outputFileListPaths = (
				"${PODS_ROOT}/Target Support Files/Pods-RxMemoApp-RxMemoAppUITests/Pods-RxMemoApp-RxMemoAppUITests-frameworks-${CONFIGURATION}-output-files.xcfilelist",
			);
			runOnlyForDeploymentPostprocessing = 0;
			shellPath = /bin/sh;
			shellScript = "\"${PODS_ROOT}/Target Support Files/Pods-RxMemoApp-RxMemoAppUITests/Pods-RxMemoApp-RxMemoAppUITests-frameworks.sh\"\n";
			showEnvVarsInLog = 0;
		};
		91143B404D13DCC0DEB4F37F /* [CP] Embed Pods Frameworks */ = {
			isa = PBXShellScriptBuildPhase;
			buildActionMask = 2147483647;
			files = (
			);
			inputFileListPaths = (
				"${PODS_ROOT}/Target Support Files/Pods-RxMemoApp/Pods-RxMemoApp-frameworks-${CONFIGURATION}-input-files.xcfilelist",
			);
			name = "[CP] Embed Pods Frameworks";
			outputFileListPaths = (
				"${PODS_ROOT}/Target Support Files/Pods-RxMemoApp/Pods-RxMemoApp-frameworks-${CONFIGURATION}-output-files.xcfilelist",
			);
			runOnlyForDeploymentPostprocessing = 0;
			shellPath = /bin/sh;
			shellScript = "\"${PODS_ROOT}/Target Support Files/Pods-RxMemoApp/Pods-RxMemoApp-frameworks.sh\"\n";
			showEnvVarsInLog = 0;
		};
		A1812C5B4BC0D5682CBE6C31 /* [CP] Check Pods Manifest.lock */ = {
			isa = PBXShellScriptBuildPhase;
			buildActionMask = 2147483647;
			files = (
			);
			inputFileListPaths = (
			);
			inputPaths = (
				"${PODS_PODFILE_DIR_PATH}/Podfile.lock",
				"${PODS_ROOT}/Manifest.lock",
			);
			name = "[CP] Check Pods Manifest.lock";
			outputFileListPaths = (
			);
			outputPaths = (
				"$(DERIVED_FILE_DIR)/Pods-RxMemoApp-checkManifestLockResult.txt",
			);
			runOnlyForDeploymentPostprocessing = 0;
			shellPath = /bin/sh;
			shellScript = "diff \"${PODS_PODFILE_DIR_PATH}/Podfile.lock\" \"${PODS_ROOT}/Manifest.lock\" > /dev/null\nif [ $? != 0 ] ; then\n    # print error to STDERR\n    echo \"error: The sandbox is not in sync with the Podfile.lock. Run 'pod install' or update your CocoaPods installation.\" >&2\n    exit 1\nfi\n# This output is used by Xcode 'outputs' to avoid re-running this script phase.\necho \"SUCCESS\" > \"${SCRIPT_OUTPUT_FILE_0}\"\n";
			showEnvVarsInLog = 0;
		};
		C2C2022AEE5046BE83DC8E9B /* [CP] Check Pods Manifest.lock */ = {
			isa = PBXShellScriptBuildPhase;
			buildActionMask = 2147483647;
			files = (
			);
			inputFileListPaths = (
			);
			inputPaths = (
				"${PODS_PODFILE_DIR_PATH}/Podfile.lock",
				"${PODS_ROOT}/Manifest.lock",
			);
			name = "[CP] Check Pods Manifest.lock";
			outputFileListPaths = (
			);
			outputPaths = (
				"$(DERIVED_FILE_DIR)/Pods-RxMemoApp-RxMemoAppUITests-checkManifestLockResult.txt",
			);
			runOnlyForDeploymentPostprocessing = 0;
			shellPath = /bin/sh;
			shellScript = "diff \"${PODS_PODFILE_DIR_PATH}/Podfile.lock\" \"${PODS_ROOT}/Manifest.lock\" > /dev/null\nif [ $? != 0 ] ; then\n    # print error to STDERR\n    echo \"error: The sandbox is not in sync with the Podfile.lock. Run 'pod install' or update your CocoaPods installation.\" >&2\n    exit 1\nfi\n# This output is used by Xcode 'outputs' to avoid re-running this script phase.\necho \"SUCCESS\" > \"${SCRIPT_OUTPUT_FILE_0}\"\n";
			showEnvVarsInLog = 0;
		};
		C32ED1C36EDDC64660B92316 /* [CP] Check Pods Manifest.lock */ = {
			isa = PBXShellScriptBuildPhase;
			buildActionMask = 2147483647;
			files = (
			);
			inputFileListPaths = (
			);
			inputPaths = (
				"${PODS_PODFILE_DIR_PATH}/Podfile.lock",
				"${PODS_ROOT}/Manifest.lock",
			);
			name = "[CP] Check Pods Manifest.lock";
			outputFileListPaths = (
			);
			outputPaths = (
				"$(DERIVED_FILE_DIR)/Pods-RxMemoAppTests-checkManifestLockResult.txt",
			);
			runOnlyForDeploymentPostprocessing = 0;
			shellPath = /bin/sh;
			shellScript = "diff \"${PODS_PODFILE_DIR_PATH}/Podfile.lock\" \"${PODS_ROOT}/Manifest.lock\" > /dev/null\nif [ $? != 0 ] ; then\n    # print error to STDERR\n    echo \"error: The sandbox is not in sync with the Podfile.lock. Run 'pod install' or update your CocoaPods installation.\" >&2\n    exit 1\nfi\n# This output is used by Xcode 'outputs' to avoid re-running this script phase.\necho \"SUCCESS\" > \"${SCRIPT_OUTPUT_FILE_0}\"\n";
			showEnvVarsInLog = 0;
		};
/* End PBXShellScriptBuildPhase section */

/* Begin PBXSourcesBuildPhase section */
		6BB52E102650D0940064E301 /* Sources */ = {
			isa = PBXSourcesBuildPhase;
			buildActionMask = 2147483647;
			files = (
				6BB52E562650D48C0064E301 /* MemoryStorage.swift in Sources */,
				6BB52E622650D9490064E301 /* MemoComposeViewModel.swift in Sources */,
				6BB52E6C2650DDCF0064E301 /* SceneCoordinator.swift in Sources */,
				6BB52E682650DBAC0064E301 /* Scene.swift in Sources */,
				6BB52E5A2650D8880064E301 /* MemoDetailViewController.swift in Sources */,
				6BB52E642650D9800064E301 /* ViewModelBindableType.swift in Sources */,
				6BB52E182650D0940064E301 /* AppDelegate.swift in Sources */,
				6BB52E522650D3D70064E301 /* MemoStorageType.swift in Sources */,
				6BB52E1A2650D0940064E301 /* SceneDelegate.swift in Sources */,
				6BB52E222650D0940064E301 /* RxMemoApp.xcdatamodeld in Sources */,
				6BB52E6A2650DD510064E301 /* SceneCoordinatorType.swift in Sources */,
				6BB52E5E2650D8F30064E301 /* MemoListViewModel.swift in Sources */,
				6BB52E602650D9200064E301 /* MemoDetailViewModel.swift in Sources */,
				6BB52E6E2650EA250064E301 /* CommonViewModel.swift in Sources */,
				6BB52E662650DB610064E301 /* TransitionModel.swift in Sources */,
				6BB52E582650D8370064E301 /* MemoListViewController.swift in Sources */,
				6BB52E5C2650D8B10064E301 /* MemoComposeViewController.swift in Sources */,
				6BB52E502650D3310064E301 /* Memo.swift in Sources */,
			);
			runOnlyForDeploymentPostprocessing = 0;
		};
		6BB52E292650D0960064E301 /* Sources */ = {
			isa = PBXSourcesBuildPhase;
			buildActionMask = 2147483647;
			files = (
				6BB52E322650D0960064E301 /* RxMemoAppTests.swift in Sources */,
			);
			runOnlyForDeploymentPostprocessing = 0;
		};
		6BB52E342650D0960064E301 /* Sources */ = {
			isa = PBXSourcesBuildPhase;
			buildActionMask = 2147483647;
			files = (
				6BB52E3D2650D0960064E301 /* RxMemoAppUITests.swift in Sources */,
			);
			runOnlyForDeploymentPostprocessing = 0;
		};
/* End PBXSourcesBuildPhase section */

/* Begin PBXTargetDependency section */
		6BB52E2F2650D0960064E301 /* PBXTargetDependency */ = {
			isa = PBXTargetDependency;
			target = 6BB52E132650D0940064E301 /* RxMemoApp */;
			targetProxy = 6BB52E2E2650D0960064E301 /* PBXContainerItemProxy */;
		};
		6BB52E3A2650D0960064E301 /* PBXTargetDependency */ = {
			isa = PBXTargetDependency;
			target = 6BB52E132650D0940064E301 /* RxMemoApp */;
			targetProxy = 6BB52E392650D0960064E301 /* PBXContainerItemProxy */;
		};
/* End PBXTargetDependency section */

/* Begin PBXVariantGroup section */
		6BB52E1D2650D0940064E301 /* Main.storyboard */ = {
			isa = PBXVariantGroup;
			children = (
				6BB52E1E2650D0940064E301 /* Base */,
			);
			name = Main.storyboard;
			sourceTree = "<group>";
		};
		6BB52E252650D0960064E301 /* LaunchScreen.storyboard */ = {
			isa = PBXVariantGroup;
			children = (
				6BB52E262650D0960064E301 /* Base */,
			);
			name = LaunchScreen.storyboard;
			sourceTree = "<group>";
		};
/* End PBXVariantGroup section */

/* Begin XCBuildConfiguration section */
		6BB52E3F2650D0960064E301 /* Debug */ = {
			isa = XCBuildConfiguration;
			buildSettings = {
				ALWAYS_SEARCH_USER_PATHS = NO;
				CLANG_ANALYZER_NONNULL = YES;
				CLANG_ANALYZER_NUMBER_OBJECT_CONVERSION = YES_AGGRESSIVE;
				CLANG_CXX_LANGUAGE_STANDARD = "gnu++14";
				CLANG_CXX_LIBRARY = "libc++";
				CLANG_ENABLE_MODULES = YES;
				CLANG_ENABLE_OBJC_ARC = YES;
				CLANG_ENABLE_OBJC_WEAK = YES;
				CLANG_WARN_BLOCK_CAPTURE_AUTORELEASING = YES;
				CLANG_WARN_BOOL_CONVERSION = YES;
				CLANG_WARN_COMMA = YES;
				CLANG_WARN_CONSTANT_CONVERSION = YES;
				CLANG_WARN_DEPRECATED_OBJC_IMPLEMENTATIONS = YES;
				CLANG_WARN_DIRECT_OBJC_ISA_USAGE = YES_ERROR;
				CLANG_WARN_DOCUMENTATION_COMMENTS = YES;
				CLANG_WARN_EMPTY_BODY = YES;
				CLANG_WARN_ENUM_CONVERSION = YES;
				CLANG_WARN_INFINITE_RECURSION = YES;
				CLANG_WARN_INT_CONVERSION = YES;
				CLANG_WARN_NON_LITERAL_NULL_CONVERSION = YES;
				CLANG_WARN_OBJC_IMPLICIT_RETAIN_SELF = YES;
				CLANG_WARN_OBJC_LITERAL_CONVERSION = YES;
				CLANG_WARN_OBJC_ROOT_CLASS = YES_ERROR;
				CLANG_WARN_QUOTED_INCLUDE_IN_FRAMEWORK_HEADER = YES;
				CLANG_WARN_RANGE_LOOP_ANALYSIS = YES;
				CLANG_WARN_STRICT_PROTOTYPES = YES;
				CLANG_WARN_SUSPICIOUS_MOVE = YES;
				CLANG_WARN_UNGUARDED_AVAILABILITY = YES_AGGRESSIVE;
				CLANG_WARN_UNREACHABLE_CODE = YES;
				CLANG_WARN__DUPLICATE_METHOD_MATCH = YES;
				COPY_PHASE_STRIP = NO;
				DEBUG_INFORMATION_FORMAT = dwarf;
				ENABLE_STRICT_OBJC_MSGSEND = YES;
				ENABLE_TESTABILITY = YES;
				GCC_C_LANGUAGE_STANDARD = gnu11;
				GCC_DYNAMIC_NO_PIC = NO;
				GCC_NO_COMMON_BLOCKS = YES;
				GCC_OPTIMIZATION_LEVEL = 0;
				GCC_PREPROCESSOR_DEFINITIONS = (
					"DEBUG=1",
					"$(inherited)",
				);
				GCC_WARN_64_TO_32_BIT_CONVERSION = YES;
				GCC_WARN_ABOUT_RETURN_TYPE = YES_ERROR;
				GCC_WARN_UNDECLARED_SELECTOR = YES;
				GCC_WARN_UNINITIALIZED_AUTOS = YES_AGGRESSIVE;
				GCC_WARN_UNUSED_FUNCTION = YES;
				GCC_WARN_UNUSED_VARIABLE = YES;
				IPHONEOS_DEPLOYMENT_TARGET = 10.0;
				MTL_ENABLE_DEBUG_INFO = INCLUDE_SOURCE;
				MTL_FAST_MATH = YES;
				ONLY_ACTIVE_ARCH = YES;
				SDKROOT = iphoneos;
				SWIFT_ACTIVE_COMPILATION_CONDITIONS = DEBUG;
				SWIFT_OPTIMIZATION_LEVEL = "-Onone";
				SWIFT_VERSION = 5.0;
			};
			name = Debug;
		};
		6BB52E402650D0960064E301 /* Release */ = {
			isa = XCBuildConfiguration;
			buildSettings = {
				ALWAYS_SEARCH_USER_PATHS = NO;
				CLANG_ANALYZER_NONNULL = YES;
				CLANG_ANALYZER_NUMBER_OBJECT_CONVERSION = YES_AGGRESSIVE;
				CLANG_CXX_LANGUAGE_STANDARD = "gnu++14";
				CLANG_CXX_LIBRARY = "libc++";
				CLANG_ENABLE_MODULES = YES;
				CLANG_ENABLE_OBJC_ARC = YES;
				CLANG_ENABLE_OBJC_WEAK = YES;
				CLANG_WARN_BLOCK_CAPTURE_AUTORELEASING = YES;
				CLANG_WARN_BOOL_CONVERSION = YES;
				CLANG_WARN_COMMA = YES;
				CLANG_WARN_CONSTANT_CONVERSION = YES;
				CLANG_WARN_DEPRECATED_OBJC_IMPLEMENTATIONS = YES;
				CLANG_WARN_DIRECT_OBJC_ISA_USAGE = YES_ERROR;
				CLANG_WARN_DOCUMENTATION_COMMENTS = YES;
				CLANG_WARN_EMPTY_BODY = YES;
				CLANG_WARN_ENUM_CONVERSION = YES;
				CLANG_WARN_INFINITE_RECURSION = YES;
				CLANG_WARN_INT_CONVERSION = YES;
				CLANG_WARN_NON_LITERAL_NULL_CONVERSION = YES;
				CLANG_WARN_OBJC_IMPLICIT_RETAIN_SELF = YES;
				CLANG_WARN_OBJC_LITERAL_CONVERSION = YES;
				CLANG_WARN_OBJC_ROOT_CLASS = YES_ERROR;
				CLANG_WARN_QUOTED_INCLUDE_IN_FRAMEWORK_HEADER = YES;
				CLANG_WARN_RANGE_LOOP_ANALYSIS = YES;
				CLANG_WARN_STRICT_PROTOTYPES = YES;
				CLANG_WARN_SUSPICIOUS_MOVE = YES;
				CLANG_WARN_UNGUARDED_AVAILABILITY = YES_AGGRESSIVE;
				CLANG_WARN_UNREACHABLE_CODE = YES;
				CLANG_WARN__DUPLICATE_METHOD_MATCH = YES;
				COPY_PHASE_STRIP = NO;
				DEBUG_INFORMATION_FORMAT = "dwarf-with-dsym";
				ENABLE_NS_ASSERTIONS = NO;
				ENABLE_STRICT_OBJC_MSGSEND = YES;
				GCC_C_LANGUAGE_STANDARD = gnu11;
				GCC_NO_COMMON_BLOCKS = YES;
				GCC_WARN_64_TO_32_BIT_CONVERSION = YES;
				GCC_WARN_ABOUT_RETURN_TYPE = YES_ERROR;
				GCC_WARN_UNDECLARED_SELECTOR = YES;
				GCC_WARN_UNINITIALIZED_AUTOS = YES_AGGRESSIVE;
				GCC_WARN_UNUSED_FUNCTION = YES;
				GCC_WARN_UNUSED_VARIABLE = YES;
				IPHONEOS_DEPLOYMENT_TARGET = 10.0;
				MTL_ENABLE_DEBUG_INFO = NO;
				MTL_FAST_MATH = YES;
				SDKROOT = iphoneos;
				SWIFT_COMPILATION_MODE = wholemodule;
				SWIFT_OPTIMIZATION_LEVEL = "-O";
				SWIFT_VERSION = 5.0;
				VALIDATE_PRODUCT = YES;
			};
			name = Release;
		};
		6BB52E422650D0960064E301 /* Debug */ = {
			isa = XCBuildConfiguration;
			baseConfigurationReference = 3A783EFDC57C20BE4F36EB25 /* Pods-RxMemoApp.debug.xcconfig */;
			buildSettings = {
				ASSETCATALOG_COMPILER_APPICON_NAME = AppIcon;
				ASSETCATALOG_COMPILER_GLOBAL_ACCENT_COLOR_NAME = AccentColor;
				CODE_SIGN_STYLE = Automatic;
				INFOPLIST_FILE = RxMemoApp/Info.plist;
				LD_RUNPATH_SEARCH_PATHS = (
					"$(inherited)",
					"@executable_path/Frameworks",
				);
				PRODUCT_BUNDLE_IDENTIFIER = hzw94.RxMemoApp;
				PRODUCT_NAME = "$(TARGET_NAME)";
				SWIFT_VERSION = 5.0;
				TARGETED_DEVICE_FAMILY = "1,2";
			};
			name = Debug;
		};
		6BB52E432650D0960064E301 /* Release */ = {
			isa = XCBuildConfiguration;
			baseConfigurationReference = 47FEC964DD03586571B1E380 /* Pods-RxMemoApp.release.xcconfig */;
			buildSettings = {
				ASSETCATALOG_COMPILER_APPICON_NAME = AppIcon;
				ASSETCATALOG_COMPILER_GLOBAL_ACCENT_COLOR_NAME = AccentColor;
				CODE_SIGN_STYLE = Automatic;
				INFOPLIST_FILE = RxMemoApp/Info.plist;
				LD_RUNPATH_SEARCH_PATHS = (
					"$(inherited)",
					"@executable_path/Frameworks",
				);
				PRODUCT_BUNDLE_IDENTIFIER = hzw94.RxMemoApp;
				PRODUCT_NAME = "$(TARGET_NAME)";
				SWIFT_VERSION = 5.0;
				TARGETED_DEVICE_FAMILY = "1,2";
			};
			name = Release;
		};
		6BB52E452650D0960064E301 /* Debug */ = {
			isa = XCBuildConfiguration;
			baseConfigurationReference = AAEE253916A5BFF564537F38 /* Pods-RxMemoAppTests.debug.xcconfig */;
			buildSettings = {
				ALWAYS_EMBED_SWIFT_STANDARD_LIBRARIES = YES;
				BUNDLE_LOADER = "$(TEST_HOST)";
				CODE_SIGN_STYLE = Automatic;
				INFOPLIST_FILE = RxMemoAppTests/Info.plist;
				IPHONEOS_DEPLOYMENT_TARGET = 14.5;
				LD_RUNPATH_SEARCH_PATHS = (
					"$(inherited)",
					"@executable_path/Frameworks",
					"@loader_path/Frameworks",
				);
				PRODUCT_BUNDLE_IDENTIFIER = hzw94.RxMemoAppTests;
				PRODUCT_NAME = "$(TARGET_NAME)";
				SWIFT_VERSION = 5.0;
				TARGETED_DEVICE_FAMILY = "1,2";
				TEST_HOST = "$(BUILT_PRODUCTS_DIR)/RxMemoApp.app/RxMemoApp";
			};
			name = Debug;
		};
		6BB52E462650D0960064E301 /* Release */ = {
			isa = XCBuildConfiguration;
			baseConfigurationReference = F9079D4DBEA046081704837C /* Pods-RxMemoAppTests.release.xcconfig */;
			buildSettings = {
				ALWAYS_EMBED_SWIFT_STANDARD_LIBRARIES = YES;
				BUNDLE_LOADER = "$(TEST_HOST)";
				CODE_SIGN_STYLE = Automatic;
				INFOPLIST_FILE = RxMemoAppTests/Info.plist;
				IPHONEOS_DEPLOYMENT_TARGET = 14.5;
				LD_RUNPATH_SEARCH_PATHS = (
					"$(inherited)",
					"@executable_path/Frameworks",
					"@loader_path/Frameworks",
				);
				PRODUCT_BUNDLE_IDENTIFIER = hzw94.RxMemoAppTests;
				PRODUCT_NAME = "$(TARGET_NAME)";
				SWIFT_VERSION = 5.0;
				TARGETED_DEVICE_FAMILY = "1,2";
				TEST_HOST = "$(BUILT_PRODUCTS_DIR)/RxMemoApp.app/RxMemoApp";
			};
			name = Release;
		};
		6BB52E482650D0960064E301 /* Debug */ = {
			isa = XCBuildConfiguration;
			baseConfigurationReference = B0CD0AD35B1AC68FD5529F8E /* Pods-RxMemoApp-RxMemoAppUITests.debug.xcconfig */;
			buildSettings = {
				ALWAYS_EMBED_SWIFT_STANDARD_LIBRARIES = YES;
				CODE_SIGN_STYLE = Automatic;
				INFOPLIST_FILE = RxMemoAppUITests/Info.plist;
				LD_RUNPATH_SEARCH_PATHS = (
					"$(inherited)",
					"@executable_path/Frameworks",
					"@loader_path/Frameworks",
				);
				PRODUCT_BUNDLE_IDENTIFIER = hzw94.RxMemoAppUITests;
				PRODUCT_NAME = "$(TARGET_NAME)";
				SWIFT_VERSION = 5.0;
				TARGETED_DEVICE_FAMILY = "1,2";
				TEST_TARGET_NAME = RxMemoApp;
			};
			name = Debug;
		};
		6BB52E492650D0960064E301 /* Release */ = {
			isa = XCBuildConfiguration;
			baseConfigurationReference = 240B8841CA14455994D9AB07 /* Pods-RxMemoApp-RxMemoAppUITests.release.xcconfig */;
			buildSettings = {
				ALWAYS_EMBED_SWIFT_STANDARD_LIBRARIES = YES;
				CODE_SIGN_STYLE = Automatic;
				INFOPLIST_FILE = RxMemoAppUITests/Info.plist;
				LD_RUNPATH_SEARCH_PATHS = (
					"$(inherited)",
					"@executable_path/Frameworks",
					"@loader_path/Frameworks",
				);
				PRODUCT_BUNDLE_IDENTIFIER = hzw94.RxMemoAppUITests;
				PRODUCT_NAME = "$(TARGET_NAME)";
				SWIFT_VERSION = 5.0;
				TARGETED_DEVICE_FAMILY = "1,2";
				TEST_TARGET_NAME = RxMemoApp;
			};
			name = Release;
		};
/* End XCBuildConfiguration section */

/* Begin XCConfigurationList section */
		6BB52E0F2650D0940064E301 /* Build configuration list for PBXProject "RxMemoApp" */ = {
			isa = XCConfigurationList;
			buildConfigurations = (
				6BB52E3F2650D0960064E301 /* Debug */,
				6BB52E402650D0960064E301 /* Release */,
			);
			defaultConfigurationIsVisible = 0;
			defaultConfigurationName = Release;
		};
		6BB52E412650D0960064E301 /* Build configuration list for PBXNativeTarget "RxMemoApp" */ = {
			isa = XCConfigurationList;
			buildConfigurations = (
				6BB52E422650D0960064E301 /* Debug */,
				6BB52E432650D0960064E301 /* Release */,
			);
			defaultConfigurationIsVisible = 0;
			defaultConfigurationName = Release;
		};
		6BB52E442650D0960064E301 /* Build configuration list for PBXNativeTarget "RxMemoAppTests" */ = {
			isa = XCConfigurationList;
			buildConfigurations = (
				6BB52E452650D0960064E301 /* Debug */,
				6BB52E462650D0960064E301 /* Release */,
			);
			defaultConfigurationIsVisible = 0;
			defaultConfigurationName = Release;
		};
		6BB52E472650D0960064E301 /* Build configuration list for PBXNativeTarget "RxMemoAppUITests" */ = {
			isa = XCConfigurationList;
			buildConfigurations = (
				6BB52E482650D0960064E301 /* Debug */,
				6BB52E492650D0960064E301 /* Release */,
			);
			defaultConfigurationIsVisible = 0;
			defaultConfigurationName = Release;
		};
/* End XCConfigurationList section */

/* Begin XCVersionGroup section */
		6BB52E202650D0940064E301 /* RxMemoApp.xcdatamodeld */ = {
			isa = XCVersionGroup;
			children = (
				6BB52E212650D0940064E301 /* RxMemoApp.xcdatamodel */,
			);
			currentVersion = 6BB52E212650D0940064E301 /* RxMemoApp.xcdatamodel */;
			path = RxMemoApp.xcdatamodeld;
			sourceTree = "<group>";
			versionGroupType = wrapper.xcdatamodel;
		};
/* End XCVersionGroup section */
	};
	rootObject = 6BB52E0C2650D0940064E301 /* Project object */;
}
